
Microsoft Visual Studio Solution File, Format Version 12.00
# Visual Studio Version 17
VisualStudioVersion = 17.3.32929.385
MinimumVisualStudioVersion = 10.0.40219.1
Project("{FAE04EC0-301F-11D3-BF4B-00C04F79EFBC}") = "API", "API\API.csproj", "{C7E81926-941C-4859-9634-E755AD189A4D}"
EndProject
Project("{FAE04EC0-301F-11D3-BF4B-00C04F79EFBC}") = "DataAccess", "DataAccess\DataAccess.csproj", "{6DB9EAAC-682A-4C0B-B097-B08320CEC82B}"
EndProject
Global
	GlobalSection(SolutionConfigurationPlatforms) = preSolution
		Debug|Any CPU = Debug|Any CPU
		Release|Any CPU = Release|Any CPU
	EndGlobalSection
	GlobalSection(ProjectConfigurationPlatforms) = postSolution
		{C7E81926-941C-4859-9634-E755AD189A4D}.Debug|Any CPU.ActiveCfg = Debug|Any CPU
		{C7E81926-941C-4859-9634-E755AD189A4D}.Debug|Any CPU.Build.0 = Debug|Any CPU
		{C7E81926-941C-4859-9634-E755AD189A4D}.Release|Any CPU.ActiveCfg = Release|Any CPU
		{C7E81926-941C-4859-9634-E755AD189A4D}.Release|Any CPU.Build.0 = Release|Any CPU
		{6DB9EAAC-682A-4C0B-B097-B08320CEC82B}.Debug|Any CPU.ActiveCfg = Debug|Any CPU
		{6DB9EAAC-682A-4C0B-B097-B08320CEC82B}.Debug|Any CPU.Build.0 = Debug|Any CPU
		{6DB9EAAC-682A-4C0B-B097-B08320CEC82B}.Release|Any CPU.ActiveCfg = Release|Any CPU
		{6DB9EAAC-682A-4C0B-B097-B08320CEC82B}.Release|Any CPU.Build.0 = Release|Any CPU
	EndGlobalSection
	GlobalSection(SolutionProperties) = preSolution
		HideSolutionNode = FALSE
	EndGlobalSection
	GlobalSection(ExtensibilityGlobals) = postSolution
		SolutionGuid = {02C66D23-28D8-4047-8042-5CCA93750D54}
	EndGlobalSection
EndGlobal
